
Microsoft Visual Studio Solution File, Format Version 12.00
# Visual Studio Version 16
VisualStudioVersion = 16.0.31729.503
MinimumVisualStudioVersion = 10.0.40219.1
Project("{8BC9CEB8-8B4A-11D0-8D11-00A0C91BC942}") = "classRosterRevision", "classRosterRevision.vcxproj", "{AFBE6EFA-60FC-47C9-8126-EAA21106CAAF}"
EndProject
Global
	GlobalSection(SolutionConfigurationPlatforms) = preSolution
		Debug|x64 = Debug|x64
		Debug|x86 = Debug|x86
		Release|x64 = Release|x64
		Release|x86 = Release|x86
	EndGlobalSection
	GlobalSection(ProjectConfigurationPlatforms) = postSolution
		{AFBE6EFA-60FC-47C9-8126-EAA21106CAAF}.Debug|x64.ActiveCfg = Debug|x64
		{AFBE6EFA-60FC-47C9-8126-EAA21106CAAF}.Debug|x64.Build.0 = Debug|x64
		{AFBE6EFA-60FC-47C9-8126-EAA21106CAAF}.Debug|x86.ActiveCfg = Debug|Win32
		{AFBE6EFA-60FC-47C9-8126-EAA21106CAAF}.Debug|x86.Build.0 = Debug|Win32
		{AFBE6EFA-60FC-47C9-8126-EAA21106CAAF}.Release|x64.ActiveCfg = Release|x64
		{AFBE6EFA-60FC-47C9-8126-EAA21106CAAF}.Release|x64.Build.0 = Release|x64
		{AFBE6EFA-60FC-47C9-8126-EAA21106CAAF}.Release|x86.ActiveCfg = Release|Win32
		{AFBE6EFA-60FC-47C9-8126-EAA21106CAAF}.Release|x86.Build.0 = Release|Win32
	EndGlobalSection
	GlobalSection(SolutionProperties) = preSolution
		HideSolutionNode = FALSE
	EndGlobalSection
	GlobalSection(ExtensibilityGlobals) = postSolution
		SolutionGuid = {0B4845B1-8A67-41C4-8FB3-C1871FFFA61C}
	EndGlobalSection
EndGlobal
